
Microsoft Visual Studio Solution File, Format Version 12.00
# Visual Studio 14
VisualStudioVersion = 14.0.25420.1
MinimumVisualStudioVersion = 10.0.40219.1
Project("{FAE04EC0-301F-11D3-BF4B-00C04F79EFBC}") = "WorkerManager", "WorkerManager\WorkerManager.csproj", "{D3DC765F-B4D7-41A2-BE3E-59E32910CCE7}"
EndProject
Project("{FAE04EC0-301F-11D3-BF4B-00C04F79EFBC}") = "WorkerManager.3dsmax", "WorkerManager.3dsmax\WorkerManager.3dsmax.csproj", "{D99744E2-A026-4984-8958-58D552A1E430}"
EndProject
Project("{930C7802-8A8C-48F9-8165-68863BCCD9DD}") = "WorkerManager.SetupWix", "WorkerManager.SetupWix\WorkerManager.SetupWix.wixproj", "{97E38672-5CC9-44A6-9251-A38598678390}"
EndProject
Project("{FAE04EC0-301F-11D3-BF4B-00C04F79EFBC}") = "WorkerManager.SetupWix.CustomActions", "WorkerManager.SetupWix.CustomActions\WorkerManager.SetupWix.CustomActions.csproj", "{FA8000E2-1A84-47FE-AF04-451E2406EEEC}"
EndProject
Global
	GlobalSection(SolutionConfigurationPlatforms) = preSolution
		Debug|x64 = Debug|x64
		Release|x64 = Release|x64
	EndGlobalSection
	GlobalSection(ProjectConfigurationPlatforms) = postSolution
		{D3DC765F-B4D7-41A2-BE3E-59E32910CCE7}.Debug|x64.ActiveCfg = Debug|x64
		{D3DC765F-B4D7-41A2-BE3E-59E32910CCE7}.Debug|x64.Build.0 = Debug|x64
		{D3DC765F-B4D7-41A2-BE3E-59E32910CCE7}.Release|x64.ActiveCfg = Release|x64
		{D3DC765F-B4D7-41A2-BE3E-59E32910CCE7}.Release|x64.Build.0 = Release|x64
		{D99744E2-A026-4984-8958-58D552A1E430}.Debug|x64.ActiveCfg = Debug|x64
		{D99744E2-A026-4984-8958-58D552A1E430}.Debug|x64.Build.0 = Debug|x64
		{D99744E2-A026-4984-8958-58D552A1E430}.Release|x64.ActiveCfg = Release|x64
		{D99744E2-A026-4984-8958-58D552A1E430}.Release|x64.Build.0 = Release|x64
		{97E38672-5CC9-44A6-9251-A38598678390}.Debug|x64.ActiveCfg = Debug|x64
		{97E38672-5CC9-44A6-9251-A38598678390}.Debug|x64.Build.0 = Debug|x64
		{97E38672-5CC9-44A6-9251-A38598678390}.Release|x64.ActiveCfg = Release|x64
		{97E38672-5CC9-44A6-9251-A38598678390}.Release|x64.Build.0 = Release|x64
		{FA8000E2-1A84-47FE-AF04-451E2406EEEC}.Debug|x64.ActiveCfg = Debug|x64
		{FA8000E2-1A84-47FE-AF04-451E2406EEEC}.Release|x64.ActiveCfg = Release|x64
		{FA8000E2-1A84-47FE-AF04-451E2406EEEC}.Release|x64.Build.0 = Release|x64
	EndGlobalSection
	GlobalSection(SolutionProperties) = preSolution
		HideSolutionNode = FALSE
	EndGlobalSection
EndGlobal
